
Microsoft Visual Studio Solution File, Format Version 12.00
# Visual Studio Version 17
VisualStudioVersion = 17.4.33122.133
MinimumVisualStudioVersion = 10.0.40219.1
Project("{FAE04EC0-301F-11D3-BF4B-00C04F79EFBC}") = "WpfApp2", "WpfApp2\WpfApp2.csproj", "{66C0D729-345C-4820-ADEC-55F1758773B6}"
EndProject
Global
	GlobalSection(SolutionConfigurationPlatforms) = preSolution
		Debug|Any CPU = Debug|Any CPU
		Release|Any CPU = Release|Any CPU
	EndGlobalSection
	GlobalSection(ProjectConfigurationPlatforms) = postSolution
		{66C0D729-345C-4820-ADEC-55F1758773B6}.Debug|Any CPU.ActiveCfg = Debug|Any CPU
		{66C0D729-345C-4820-ADEC-55F1758773B6}.Debug|Any CPU.Build.0 = Debug|Any CPU
		{66C0D729-345C-4820-ADEC-55F1758773B6}.Release|Any CPU.ActiveCfg = Release|Any CPU
		{66C0D729-345C-4820-ADEC-55F1758773B6}.Release|Any CPU.Build.0 = Release|Any CPU
	EndGlobalSection
	GlobalSection(SolutionProperties) = preSolution
		HideSolutionNode = FALSE
	EndGlobalSection
	GlobalSection(ExtensibilityGlobals) = postSolution
		SolutionGuid = {EED77B0B-14EC-426C-89C0-ED9C77905AB2}
	EndGlobalSection
EndGlobal
